{
  "version": "2",
  "remote": {
    "https://deno.land/std@0.179.0/async/abortable.ts": "73acfb3ed7261ce0d930dbe89e43db8d34e017b063cf0eaa7d215477bf53442e",
    "https://deno.land/std@0.179.0/async/deadline.ts": "c5facb0b404eede83e38bd2717ea8ab34faa2ffb20ef87fd261fcba32ba307aa",
    "https://deno.land/std@0.179.0/async/debounce.ts": "adab11d04ca38d699444ac8a9d9856b4155e8dda2afd07ce78276c01ea5a4332",
    "https://deno.land/std@0.179.0/async/deferred.ts": "42790112f36a75a57db4a96d33974a936deb7b04d25c6084a9fa8a49f135def8",
    "https://deno.land/std@0.179.0/async/delay.ts": "73aa04cec034c84fc748c7be49bb15cac3dd43a57174bfdb7a4aec22c248f0dd",
    "https://deno.land/std@0.179.0/async/mod.ts": "f04344fa21738e5ad6bea37a6bfffd57c617c2d372bb9f9dcfd118a1b622e576",
    "https://deno.land/std@0.179.0/async/mux_async_iterator.ts": "70c7f2ee4e9466161350473ad61cac0b9f115cff4c552eaa7ef9d50c4cbb4cc9",
    "https://deno.land/std@0.179.0/async/pool.ts": "fd082bd4aaf26445909889435a5c74334c017847842ec035739b4ae637ae8260",
    "https://deno.land/std@0.179.0/async/retry.ts": "5efa3ba450ac0c07a40a82e2df296287b5013755d232049efd7ea2244f15b20f",
    "https://deno.land/std@0.179.0/async/tee.ts": "47e42d35f622650b02234d43803d0383a89eb4387e1b83b5a40106d18ae36757",
    "https://deno.land/std@0.179.0/collections/filter_values.ts": "5b9feaf17b9a6e5ffccdd36cf6f38fa4ffa94cff2602d381c2ad0c2a97929652",
    "https://deno.land/std@0.179.0/collections/without_all.ts": "a89f5da0b5830defed4f59666e188df411d8fece35a5f6ca69be6ca71a95c185",
    "https://deno.land/std@0.179.0/dotenv/load.ts": "0636983549b98f29ab75c9a22a42d9723f0a389ece5498fe971e7bb2556a12e2",
    "https://deno.land/std@0.179.0/dotenv/mod.ts": "8dcbc8a40b896a0bf094582aaeadbfc76d3528872faf2efc0302beb1d2f6afd0",
    "https://deno.land/std@0.179.0/fmt/bytes.ts": "f3cdd34c7a5063c296e198cf9b7000774033283d469716e6b7741f4167bdaf46",
    "https://deno.land/std@0.179.0/http/server.ts": "cbb17b594651215ba95c01a395700684e569c165a567e4e04bba327f41197433",
    "https://deno.land/std@0.186.0/async/abortable.ts": "fd682fa46f3b7b16b4606a5ab52a7ce309434b76f820d3221bdfb862719a15d7",
    "https://deno.land/std@0.186.0/async/deadline.ts": "58f72a3cc0fcb731b2cc055ba046f4b5be3349ff6bf98f2e793c3b969354aab2",
    "https://deno.land/std@0.186.0/async/debounce.ts": "adab11d04ca38d699444ac8a9d9856b4155e8dda2afd07ce78276c01ea5a4332",
    "https://deno.land/std@0.186.0/async/deferred.ts": "42790112f36a75a57db4a96d33974a936deb7b04d25c6084a9fa8a49f135def8",
    "https://deno.land/std@0.186.0/async/delay.ts": "73aa04cec034c84fc748c7be49bb15cac3dd43a57174bfdb7a4aec22c248f0dd",
    "https://deno.land/std@0.186.0/async/mod.ts": "f04344fa21738e5ad6bea37a6bfffd57c617c2d372bb9f9dcfd118a1b622e576",
    "https://deno.land/std@0.186.0/async/mux_async_iterator.ts": "70c7f2ee4e9466161350473ad61cac0b9f115cff4c552eaa7ef9d50c4cbb4cc9",
    "https://deno.land/std@0.186.0/async/pool.ts": "f1b8d3df4d7fd3c73f8cbc91cc2e8b8e950910f1eab94230b443944d7584c657",
    "https://deno.land/std@0.186.0/async/retry.ts": "dd19d93033d8eaddbfcb7654c0366e9d3b0a21448bdb06eba4a7d8a8cf936a92",
    "https://deno.land/std@0.186.0/async/tee.ts": "47e42d35f622650b02234d43803d0383a89eb4387e1b83b5a40106d18ae36757",
    "https://deno.land/std@0.186.0/collections/filter_values.ts": "5b9feaf17b9a6e5ffccdd36cf6f38fa4ffa94cff2602d381c2ad0c2a97929652",
    "https://deno.land/std@0.186.0/collections/without_all.ts": "a89f5da0b5830defed4f59666e188df411d8fece35a5f6ca69be6ca71a95c185",
    "https://deno.land/std@0.186.0/dotenv/load.ts": "0636983549b98f29ab75c9a22a42d9723f0a389ece5498fe971e7bb2556a12e2",
    "https://deno.land/std@0.186.0/dotenv/mod.ts": "f5a8123741d1561ae8184a7f043bc097b15132c5171c651142b804b6dbc21853",
    "https://deno.land/std@0.186.0/fmt/bytes.ts": "f29cf69e0791d375f9f5d94ae1f0641e5a03b975f32ddf86d70f70fdf37e7b6a",
    "https://deno.land/std@0.186.0/http/server.ts": "1b23463b5b36e4eebc495417f6af47a6f7d52e3294827a1226d2a1aab23d9d20",
    "https://deno.land/x/htm@0.1.4/html.tsx": "f70b37ee521e66d634c0d8941dba4426331f83be0575295750a9823aebef541e",
    "https://deno.land/x/htm@0.1.4/mod.ts": "93485a06c930907a40f09eb8d9deadf27aaaa228c5037a24be7a08b82c8b4bee",
    "https://deno.land/x/htm@0.1.4/plugins/color-scheme.ts": "e6aae324f7d28e2ad3a9c9dfa5665ba0e4cec2e05fabb04989dc124c0b5f6e36",
    "https://esm.sh/preact-render-to-string@5.2.6?deps=preact@10.12.1": "8e5a17295b672e6049755cb463afc1bb442983aa09d7a7a8d4cf0b09cc61c35f",
    "https://esm.sh/preact@10.11.2": "eb6c9fd4b4ccfafa5160bb90bfe2901ef81cf3ebde0d3a77bd2a0423c2f56dd8",
    "https://esm.sh/preact@10.12.1": "f18d0f4d546a72411719d0107d2f606d485e2a356b7cf29e17f66529c3847856",
    "https://esm.sh/stable/preact@10.11.2/deno/preact.mjs": "09292b0f8c3346ba001737122a2d646bc9a5cfafe36b3658a3c25497ec3f2b7f",
    "https://esm.sh/stable/preact@10.12.1/deno/preact.mjs": "31b0d7ed4437a9e2a3e8bb8407c46672cd6273cd9276ae117ab05c9d58c526fe",
    "https://esm.sh/v118/preact@10.11.2/src/index.d.ts": "76842a9d103548261ee001f2aee5fa5cacc8b1b4b4032af537ed84603c8f4a31",
    "https://esm.sh/v118/preact@10.11.2/src/jsx.d.ts": "77ce5bd7324455c9f6dc85bfc3c94b733acb92cc98fdf82e4b1059c8bca7866d",
    "https://esm.sh/v118/preact@10.12.1/src/index.d.ts": "28f039873aef43b29eb1a10a375bde3ae1a9495f56d7255fbccbead651f82a72",
    "https://esm.sh/v118/preact@10.12.1/src/jsx.d.ts": "e9ef3c29d93668f42e0a8094384d5f76fcf6426b80922dd7f489c95925946a30",
    "https://esm.sh/v120/preact-render-to-string@5.2.6/X-ZC9wcmVhY3RAMTAuMTIuMQ/deno/preact-render-to-string.mjs": "de4f846f3eb89cc8cadf8b73a182473175b4c2d1d3f8e736b2b034c286dfaa67",
    "https://esm.sh/v120/preact-render-to-string@5.2.6/X-ZC9wcmVhY3RAMTAuMTIuMQ/src/index.d.ts": "205de3801815a5f48915d98b9e23f3ad0be8b842b2fdafd8250ff2bc96040aa2"
  }
}
